{
  "originHash" : "810d6dd1db0d2cfd677cedab04596ca36ea2f3b97e7f50b9276ee0b4ebbd8e20",
  "pins" : [
    {
      "identity" : "swift-irc-generated",
      "kind" : "remoteSourceControl",
      "location" : "https://github.com/nathanborror/swift-irc-generated",
      "state" : {
        "branch" : "main",
        "revision" : "0ba48a4612890757494d80a7a932c2b754f7494f"
      }
    }
  ],
  "version" : 3
}
