{
  "originHash" : "dbda7941e7c99e355a49fd7592b8ef08c5aec82c7eda158db7edcd95d458d197",
  "pins" : [
    {
      "identity" : "swift-irc",
      "kind" : "remoteSourceControl",
      "location" : "https://github.com/nathanborror/swift-irc",
      "state" : {
        "branch" : "main",
        "revision" : "bb91008c133f6384df788eab10d4ba2f31639f8b"
      }
    },
    {
      "identity" : "swift-shared-kit",
      "kind" : "remoteSourceControl",
      "location" : "https://github.com/nathanborror/swift-shared-kit",
      "state" : {
        "branch" : "main",
        "revision" : "3159eb54575d9f8b432bc236f7f46a8d6431d563"
      }
    }
  ],
  "version" : 3
}
